
Microsoft Visual Studio Solution File, Format Version 12.00
# Visual Studio Version 17
VisualStudioVersion = 17.14.36518.9
MinimumVisualStudioVersion = 10.0.40219.1
Project("{FAE04EC0-301F-11D3-BF4B-00C04F79EFBC}") = "BlazorSPA", "BlazorSPA.csproj", "{CC920334-5C98-F993-8FAA-ABAF0571ADBA}"
EndProject
Project("{FAE04EC0-301F-11D3-BF4B-00C04F79EFBC}") = "Validator.FX", "D:\TFS\MovidasChungas\Validator.FX\Validator.FX.csproj", "{B3575675-9246-B886-676C-312D90A49E90}"
EndProject
Global
	GlobalSection(SolutionConfigurationPlatforms) = preSolution
		Debug|Any CPU = Debug|Any CPU
		Release|Any CPU = Release|Any CPU
	EndGlobalSection
	GlobalSection(ProjectConfigurationPlatforms) = postSolution
		{CC920334-5C98-F993-8FAA-ABAF0571ADBA}.Debug|Any CPU.ActiveCfg = Debug|Any CPU
		{CC920334-5C98-F993-8FAA-ABAF0571ADBA}.Debug|Any CPU.Build.0 = Debug|Any CPU
		{CC920334-5C98-F993-8FAA-ABAF0571ADBA}.Release|Any CPU.ActiveCfg = Release|Any CPU
		{CC920334-5C98-F993-8FAA-ABAF0571ADBA}.Release|Any CPU.Build.0 = Release|Any CPU
		{B3575675-9246-B886-676C-312D90A49E90}.Debug|Any CPU.ActiveCfg = Debug|Any CPU
		{B3575675-9246-B886-676C-312D90A49E90}.Debug|Any CPU.Build.0 = Debug|Any CPU
		{B3575675-9246-B886-676C-312D90A49E90}.Release|Any CPU.ActiveCfg = Release|Any CPU
		{B3575675-9246-B886-676C-312D90A49E90}.Release|Any CPU.Build.0 = Release|Any CPU
	EndGlobalSection
	GlobalSection(SolutionProperties) = preSolution
		HideSolutionNode = FALSE
	EndGlobalSection
	GlobalSection(ExtensibilityGlobals) = postSolution
		SolutionGuid = {6046D748-6734-4C8D-8C7F-A3507A9C42F7}
	EndGlobalSection
EndGlobal
